
Microsoft Visual Studio Solution File, Format Version 12.00
# Visual Studio 15
VisualStudioVersion = 15.0.27428.2011
MinimumVisualStudioVersion = 10.0.40219.1
Project("{888888A0-9F3D-457C-B088-3A5042F75D52}") = "CrawlerProject", "CrawlerProject\CrawlerProject.pyproj", "{35B73274-5599-4791-8D4B-69210F550985}"
EndProject
Global
	GlobalSection(SolutionConfigurationPlatforms) = preSolution
		Debug|Any CPU = Debug|Any CPU
		Release|Any CPU = Release|Any CPU
	EndGlobalSection
	GlobalSection(ProjectConfigurationPlatforms) = postSolution
		{35B73274-5599-4791-8D4B-69210F550985}.Debug|Any CPU.ActiveCfg = Debug|Any CPU
		{35B73274-5599-4791-8D4B-69210F550985}.Release|Any CPU.ActiveCfg = Release|Any CPU
	EndGlobalSection
	GlobalSection(SolutionProperties) = preSolution
		HideSolutionNode = FALSE
	EndGlobalSection
	GlobalSection(ExtensibilityGlobals) = postSolution
		SolutionGuid = {AA028A79-31DF-4327-9BAC-DB4CCCDDC588}
	EndGlobalSection
EndGlobal
